// !$*UTF8*$!
{
	archiveVersion = 1;
	classes = {
	};
	objectVersion = 56;
	objects = {

/* Begin PBXBuildFile section */
		04A3AE742A8D93DE000F8DCD /* AppDelegate.swift in Sources */ = {isa = PBXBuildFile; fileRef = 04A3AE732A8D93DE000F8DCD /* AppDelegate.swift */; };
		04A3AE762A8D93DE000F8DCD /* SceneDelegate.swift in Sources */ = {isa = PBXBuildFile; fileRef = 04A3AE752A8D93DE000F8DCD /* SceneDelegate.swift */; };
		04A3AE782A8D93DE000F8DCD /* ViewController.swift in Sources */ = {isa = PBXBuildFile; fileRef = 04A3AE772A8D93DE000F8DCD /* ViewController.swift */; };
		04A3AE7B2A8D93DE000F8DCD /* Main.storyboard in Resources */ = {isa = PBXBuildFile; fileRef = 04A3AE792A8D93DE000F8DCD /* Main.storyboard */; };
		04A3AE7D2A8D93DE000F8DCD /* Assets.xcassets in Resources */ = {isa = PBXBuildFile; fileRef = 04A3AE7C2A8D93DE000F8DCD /* Assets.xcassets */; };
		04A3AE802A8D93DE000F8DCD /* LaunchScreen.storyboard in Resources */ = {isa = PBXBuildFile; fileRef = 04A3AE7E2A8D93DE000F8DCD /* LaunchScreen.storyboard */; };
		04A3AE8B2A8D93DE000F8DCD /* LoggingAppTests.swift in Sources */ = {isa = PBXBuildFile; fileRef = 04A3AE8A2A8D93DE000F8DCD /* LoggingAppTests.swift */; };
		04A3AE952A8D93DF000F8DCD /* LoggingAppUITests.swift in Sources */ = {isa = PBXBuildFile; fileRef = 04A3AE942A8D93DF000F8DCD /* LoggingAppUITests.swift */; };
		04A3AE972A8D93DF000F8DCD /* LoggingAppUITestsLaunchTests.swift in Sources */ = {isa = PBXBuildFile; fileRef = 04A3AE962A8D93DF000F8DCD /* LoggingAppUITestsLaunchTests.swift */; };
		04A3AF582A8D990F000F8DCD /* LoggingUtilities.framework in Frameworks */ = {isa = PBXBuildFile; fileRef = 04A3AF4F2A8D9777000F8DCD /* LoggingUtilities.framework */; };
		04A3AF772A8D9A31000F8DCD /* DebugLogger.framework in Frameworks */ = {isa = PBXBuildFile; fileRef = 04A3AF722A8D994B000F8DCD /* DebugLogger.framework */; };
/* End PBXBuildFile section */

/* Begin PBXContainerItemProxy section */
		04A3AE872A8D93DE000F8DCD /* PBXContainerItemProxy */ = {
			isa = PBXContainerItemProxy;
			containerPortal = 04A3AE682A8D93DE000F8DCD /* Project object */;
			proxyType = 1;
			remoteGlobalIDString = 04A3AE6F2A8D93DE000F8DCD;
			remoteInfo = LoggingApp;
		};
		04A3AE912A8D93DF000F8DCD /* PBXContainerItemProxy */ = {
			isa = PBXContainerItemProxy;
			containerPortal = 04A3AE682A8D93DE000F8DCD /* Project object */;
			proxyType = 1;
			remoteGlobalIDString = 04A3AE6F2A8D93DE000F8DCD;
			remoteInfo = LoggingApp;
		};
		04A3AF4E2A8D9777000F8DCD /* PBXContainerItemProxy */ = {
			isa = PBXContainerItemProxy;
			containerPortal = 04A3AF4A2A8D9777000F8DCD /* LoggingUtilities.xcodeproj */;
			proxyType = 2;
			remoteGlobalIDString = 04A3AF402A8D9777000F8DCD;
			remoteInfo = LoggingUtilities;
		};
		04A3AF712A8D994B000F8DCD /* PBXContainerItemProxy */ = {
			isa = PBXContainerItemProxy;
			containerPortal = 04A3AF6D2A8D994A000F8DCD /* DebugLogger.xcodeproj */;
			proxyType = 2;
			remoteGlobalIDString = 04A3AF632A8D994A000F8DCD;
			remoteInfo = DebugLogger;
		};
/* End PBXContainerItemProxy section */

/* Begin PBXFileReference section */
		04A3AE702A8D93DE000F8DCD /* LoggingApp.app */ = {isa = PBXFileReference; explicitFileType = wrapper.application; includeInIndex = 0; path = LoggingApp.app; sourceTree = BUILT_PRODUCTS_DIR; };
		04A3AE732A8D93DE000F8DCD /* AppDelegate.swift */ = {isa = PBXFileReference; lastKnownFileType = sourcecode.swift; path = AppDelegate.swift; sourceTree = "<group>"; };
		04A3AE752A8D93DE000F8DCD /* SceneDelegate.swift */ = {isa = PBXFileReference; lastKnownFileType = sourcecode.swift; path = SceneDelegate.swift; sourceTree = "<group>"; };
		04A3AE772A8D93DE000F8DCD /* ViewController.swift */ = {isa = PBXFileReference; lastKnownFileType = sourcecode.swift; path = ViewController.swift; sourceTree = "<group>"; };
		04A3AE7A2A8D93DE000F8DCD /* Base */ = {isa = PBXFileReference; lastKnownFileType = file.storyboard; name = Base; path = Base.lproj/Main.storyboard; sourceTree = "<group>"; };
		04A3AE7C2A8D93DE000F8DCD /* Assets.xcassets */ = {isa = PBXFileReference; lastKnownFileType = folder.assetcatalog; path = Assets.xcassets; sourceTree = "<group>"; };
		04A3AE7F2A8D93DE000F8DCD /* Base */ = {isa = PBXFileReference; lastKnownFileType = file.storyboard; name = Base; path = Base.lproj/LaunchScreen.storyboard; sourceTree = "<group>"; };
		04A3AE812A8D93DE000F8DCD /* Info.plist */ = {isa = PBXFileReference; lastKnownFileType = text.plist.xml; path = Info.plist; sourceTree = "<group>"; };
		04A3AE862A8D93DE000F8DCD /* LoggingAppTests.xctest */ = {isa = PBXFileReference; explicitFileType = wrapper.cfbundle; includeInIndex = 0; path = LoggingAppTests.xctest; sourceTree = BUILT_PRODUCTS_DIR; };
		04A3AE8A2A8D93DE000F8DCD /* LoggingAppTests.swift */ = {isa = PBXFileReference; lastKnownFileType = sourcecode.swift; path = LoggingAppTests.swift; sourceTree = "<group>"; };
		04A3AE902A8D93DF000F8DCD /* LoggingAppUITests.xctest */ = {isa = PBXFileReference; explicitFileType = wrapper.cfbundle; includeInIndex = 0; path = LoggingAppUITests.xctest; sourceTree = BUILT_PRODUCTS_DIR; };
		04A3AE942A8D93DF000F8DCD /* LoggingAppUITests.swift */ = {isa = PBXFileReference; lastKnownFileType = sourcecode.swift; path = LoggingAppUITests.swift; sourceTree = "<group>"; };
		04A3AE962A8D93DF000F8DCD /* LoggingAppUITestsLaunchTests.swift */ = {isa = PBXFileReference; lastKnownFileType = sourcecode.swift; path = LoggingAppUITestsLaunchTests.swift; sourceTree = "<group>"; };
		04A3AF4A2A8D9777000F8DCD /* LoggingUtilities.xcodeproj */ = {isa = PBXFileReference; lastKnownFileType = "wrapper.pb-project"; name = LoggingUtilities.xcodeproj; path = ../LoggingUtilities/LoggingUtilities.xcodeproj; sourceTree = "<group>"; };
		04A3AF6D2A8D994A000F8DCD /* DebugLogger.xcodeproj */ = {isa = PBXFileReference; lastKnownFileType = "wrapper.pb-project"; name = DebugLogger.xcodeproj; path = ../DebugLogger/DebugLogger.xcodeproj; sourceTree = "<group>"; };
/* End PBXFileReference section */

/* Begin PBXFrameworksBuildPhase section */
		04A3AE6D2A8D93DE000F8DCD /* Frameworks */ = {
			isa = PBXFrameworksBuildPhase;
			buildActionMask = 2147483647;
			files = (
				04A3AF772A8D9A31000F8DCD /* DebugLogger.framework in Frameworks */,
				04A3AF582A8D990F000F8DCD /* LoggingUtilities.framework in Frameworks */,
			);
			runOnlyForDeploymentPostprocessing = 0;
		};
		04A3AE832A8D93DE000F8DCD /* Frameworks */ = {
			isa = PBXFrameworksBuildPhase;
			buildActionMask = 2147483647;
			files = (
			);
			runOnlyForDeploymentPostprocessing = 0;
		};
		04A3AE8D2A8D93DF000F8DCD /* Frameworks */ = {
			isa = PBXFrameworksBuildPhase;
			buildActionMask = 2147483647;
			files = (
			);
			runOnlyForDeploymentPostprocessing = 0;
		};
/* End PBXFrameworksBuildPhase section */

/* Begin PBXGroup section */
		04A3AE672A8D93DE000F8DCD = {
			isa = PBXGroup;
			children = (
				04A3AF6D2A8D994A000F8DCD /* DebugLogger.xcodeproj */,
				04A3AF4A2A8D9777000F8DCD /* LoggingUtilities.xcodeproj */,
				04A3AE722A8D93DE000F8DCD /* LoggingApp */,
				04A3AE892A8D93DE000F8DCD /* LoggingAppTests */,
				04A3AE932A8D93DF000F8DCD /* LoggingAppUITests */,
				04A3AE712A8D93DE000F8DCD /* Products */,
				04A3AF572A8D990F000F8DCD /* Frameworks */,
			);
			sourceTree = "<group>";
		};
		04A3AE712A8D93DE000F8DCD /* Products */ = {
			isa = PBXGroup;
			children = (
				04A3AE702A8D93DE000F8DCD /* LoggingApp.app */,
				04A3AE862A8D93DE000F8DCD /* LoggingAppTests.xctest */,
				04A3AE902A8D93DF000F8DCD /* LoggingAppUITests.xctest */,
			);
			name = Products;
			sourceTree = "<group>";
		};
		04A3AE722A8D93DE000F8DCD /* LoggingApp */ = {
			isa = PBXGroup;
			children = (
				04A3AE732A8D93DE000F8DCD /* AppDelegate.swift */,
				04A3AE752A8D93DE000F8DCD /* SceneDelegate.swift */,
				04A3AE772A8D93DE000F8DCD /* ViewController.swift */,
				04A3AE792A8D93DE000F8DCD /* Main.storyboard */,
				04A3AE7C2A8D93DE000F8DCD /* Assets.xcassets */,
				04A3AE7E2A8D93DE000F8DCD /* LaunchScreen.storyboard */,
				04A3AE812A8D93DE000F8DCD /* Info.plist */,
			);
			path = LoggingApp;
			sourceTree = "<group>";
		};
		04A3AE892A8D93DE000F8DCD /* LoggingAppTests */ = {
			isa = PBXGroup;
			children = (
				04A3AE8A2A8D93DE000F8DCD /* LoggingAppTests.swift */,
			);
			path = LoggingAppTests;
			sourceTree = "<group>";
		};
		04A3AE932A8D93DF000F8DCD /* LoggingAppUITests */ = {
			isa = PBXGroup;
			children = (
				04A3AE942A8D93DF000F8DCD /* LoggingAppUITests.swift */,
				04A3AE962A8D93DF000F8DCD /* LoggingAppUITestsLaunchTests.swift */,
			);
			path = LoggingAppUITests;
			sourceTree = "<group>";
		};
		04A3AF4B2A8D9777000F8DCD /* Products */ = {
			isa = PBXGroup;
			children = (
				04A3AF4F2A8D9777000F8DCD /* LoggingUtilities.framework */,
			);
			name = Products;
			sourceTree = "<group>";
		};
		04A3AF572A8D990F000F8DCD /* Frameworks */ = {
			isa = PBXGroup;
			children = (
			);
			name = Frameworks;
			sourceTree = "<group>";
		};
		04A3AF6E2A8D994A000F8DCD /* Products */ = {
			isa = PBXGroup;
			children = (
				04A3AF722A8D994B000F8DCD /* DebugLogger.framework */,
			);
			name = Products;
			sourceTree = "<group>";
		};
/* End PBXGroup section */

/* Begin PBXNativeTarget section */
		04A3AE6F2A8D93DE000F8DCD /* LoggingApp */ = {
			isa = PBXNativeTarget;
			buildConfigurationList = 04A3AE9A2A8D93DF000F8DCD /* Build configuration list for PBXNativeTarget "LoggingApp" */;
			buildPhases = (
				04A3AE6C2A8D93DE000F8DCD /* Sources */,
				04A3AE6D2A8D93DE000F8DCD /* Frameworks */,
				04A3AE6E2A8D93DE000F8DCD /* Resources */,
			);
			buildRules = (
			);
			dependencies = (
			);
			name = LoggingApp;
			productName = LoggingApp;
			productReference = 04A3AE702A8D93DE000F8DCD /* LoggingApp.app */;
			productType = "com.apple.product-type.application";
		};
		04A3AE852A8D93DE000F8DCD /* LoggingAppTests */ = {
			isa = PBXNativeTarget;
			buildConfigurationList = 04A3AE9D2A8D93DF000F8DCD /* Build configuration list for PBXNativeTarget "LoggingAppTests" */;
			buildPhases = (
				04A3AE822A8D93DE000F8DCD /* Sources */,
				04A3AE832A8D93DE000F8DCD /* Frameworks */,
				04A3AE842A8D93DE000F8DCD /* Resources */,
			);
			buildRules = (
			);
			dependencies = (
				04A3AE882A8D93DE000F8DCD /* PBXTargetDependency */,
			);
			name = LoggingAppTests;
			productName = LoggingAppTests;
			productReference = 04A3AE862A8D93DE000F8DCD /* LoggingAppTests.xctest */;
			productType = "com.apple.product-type.bundle.unit-test";
		};
		04A3AE8F2A8D93DF000F8DCD /* LoggingAppUITests */ = {
			isa = PBXNativeTarget;
			buildConfigurationList = 04A3AEA02A8D93DF000F8DCD /* Build configuration list for PBXNativeTarget "LoggingAppUITests" */;
			buildPhases = (
				04A3AE8C2A8D93DF000F8DCD /* Sources */,
				04A3AE8D2A8D93DF000F8DCD /* Frameworks */,
				04A3AE8E2A8D93DF000F8DCD /* Resources */,
			);
			buildRules = (
			);
			dependencies = (
				04A3AE922A8D93DF000F8DCD /* PBXTargetDependency */,
			);
			name = LoggingAppUITests;
			productName = LoggingAppUITests;
			productReference = 04A3AE902A8D93DF000F8DCD /* LoggingAppUITests.xctest */;
			productType = "com.apple.product-type.bundle.ui-testing";
		};
/* End PBXNativeTarget section */

/* Begin PBXProject section */
		04A3AE682A8D93DE000F8DCD /* Project object */ = {
			isa = PBXProject;
			attributes = {
				BuildIndependentTargetsInParallel = 1;
				LastSwiftUpdateCheck = 1430;
				LastUpgradeCheck = 1430;
				TargetAttributes = {
					04A3AE6F2A8D93DE000F8DCD = {
						CreatedOnToolsVersion = 14.3.1;
					};
					04A3AE852A8D93DE000F8DCD = {
						CreatedOnToolsVersion = 14.3.1;
						TestTargetID = 04A3AE6F2A8D93DE000F8DCD;
					};
					04A3AE8F2A8D93DF000F8DCD = {
						CreatedOnToolsVersion = 14.3.1;
						TestTargetID = 04A3AE6F2A8D93DE000F8DCD;
					};
				};
			};
			buildConfigurationList = 04A3AE6B2A8D93DE000F8DCD /* Build configuration list for PBXProject "LoggingApp" */;
			compatibilityVersion = "Xcode 14.0";
			developmentRegion = en;
			hasScannedForEncodings = 0;
			knownRegions = (
				en,
				Base,
			);
			mainGroup = 04A3AE672A8D93DE000F8DCD;
			productRefGroup = 04A3AE712A8D93DE000F8DCD /* Products */;
			projectDirPath = "";
			projectReferences = (
				{
					ProductGroup = 04A3AF6E2A8D994A000F8DCD /* Products */;
					ProjectRef = 04A3AF6D2A8D994A000F8DCD /* DebugLogger.xcodeproj */;
				},
				{
					ProductGroup = 04A3AF4B2A8D9777000F8DCD /* Products */;
					ProjectRef = 04A3AF4A2A8D9777000F8DCD /* LoggingUtilities.xcodeproj */;
				},
			);
			projectRoot = "";
			targets = (
				04A3AE6F2A8D93DE000F8DCD /* LoggingApp */,
				04A3AE852A8D93DE000F8DCD /* LoggingAppTests */,
				04A3AE8F2A8D93DF000F8DCD /* LoggingAppUITests */,
			);
		};
/* End PBXProject section */

/* Begin PBXReferenceProxy section */
		04A3AF4F2A8D9777000F8DCD /* LoggingUtilities.framework */ = {
			isa = PBXReferenceProxy;
			fileType = wrapper.framework;
			path = LoggingUtilities.framework;
			remoteRef = 04A3AF4E2A8D9777000F8DCD /* PBXContainerItemProxy */;
			sourceTree = BUILT_PRODUCTS_DIR;
		};
		04A3AF722A8D994B000F8DCD /* DebugLogger.framework */ = {
			isa = PBXReferenceProxy;
			fileType = wrapper.framework;
			path = DebugLogger.framework;
			remoteRef = 04A3AF712A8D994B000F8DCD /* PBXContainerItemProxy */;
			sourceTree = BUILT_PRODUCTS_DIR;
		};
/* End PBXReferenceProxy section */

/* Begin PBXResourcesBuildPhase section */
		04A3AE6E2A8D93DE000F8DCD /* Resources */ = {
			isa = PBXResourcesBuildPhase;
			buildActionMask = 2147483647;
			files = (
				04A3AE802A8D93DE000F8DCD /* LaunchScreen.storyboard in Resources */,
				04A3AE7D2A8D93DE000F8DCD /* Assets.xcassets in Resources */,
				04A3AE7B2A8D93DE000F8DCD /* Main.storyboard in Resources */,
			);
			runOnlyForDeploymentPostprocessing = 0;
		};
		04A3AE842A8D93DE000F8DCD /* Resources */ = {
			isa = PBXResourcesBuildPhase;
			buildActionMask = 2147483647;
			files = (
			);
			runOnlyForDeploymentPostprocessing = 0;
		};
		04A3AE8E2A8D93DF000F8DCD /* Resources */ = {
			isa = PBXResourcesBuildPhase;
			buildActionMask = 2147483647;
			files = (
			);
			runOnlyForDeploymentPostprocessing = 0;
		};
/* End PBXResourcesBuildPhase section */

/* Begin PBXSourcesBuildPhase section */
		04A3AE6C2A8D93DE000F8DCD /* Sources */ = {
			isa = PBXSourcesBuildPhase;
			buildActionMask = 2147483647;
			files = (
				04A3AE782A8D93DE000F8DCD /* ViewController.swift in Sources */,
				04A3AE742A8D93DE000F8DCD /* AppDelegate.swift in Sources */,
				04A3AE762A8D93DE000F8DCD /* SceneDelegate.swift in Sources */,
			);
			runOnlyForDeploymentPostprocessing = 0;
		};
		04A3AE822A8D93DE000F8DCD /* Sources */ = {
			isa = PBXSourcesBuildPhase;
			buildActionMask = 2147483647;
			files = (
				04A3AE8B2A8D93DE000F8DCD /* LoggingAppTests.swift in Sources */,
			);
			runOnlyForDeploymentPostprocessing = 0;
		};
		04A3AE8C2A8D93DF000F8DCD /* Sources */ = {
			isa = PBXSourcesBuildPhase;
			buildActionMask = 2147483647;
			files = (
				04A3AE972A8D93DF000F8DCD /* LoggingAppUITestsLaunchTests.swift in Sources */,
				04A3AE952A8D93DF000F8DCD /* LoggingAppUITests.swift in Sources */,
			);
			runOnlyForDeploymentPostprocessing = 0;
		};
/* End PBXSourcesBuildPhase section */

/* Begin PBXTargetDependency section */
		04A3AE882A8D93DE000F8DCD /* PBXTargetDependency */ = {
			isa = PBXTargetDependency;
			target = 04A3AE6F2A8D93DE000F8DCD /* LoggingApp */;
			targetProxy = 04A3AE872A8D93DE000F8DCD /* PBXContainerItemProxy */;
		};
		04A3AE922A8D93DF000F8DCD /* PBXTargetDependency */ = {
			isa = PBXTargetDependency;
			target = 04A3AE6F2A8D93DE000F8DCD /* LoggingApp */;
			targetProxy = 04A3AE912A8D93DF000F8DCD /* PBXContainerItemProxy */;
		};
/* End PBXTargetDependency section */

/* Begin PBXVariantGroup section */
		04A3AE792A8D93DE000F8DCD /* Main.storyboard */ = {
			isa = PBXVariantGroup;
			children = (
				04A3AE7A2A8D93DE000F8DCD /* Base */,
			);
			name = Main.storyboard;
			sourceTree = "<group>";
		};
		04A3AE7E2A8D93DE000F8DCD /* LaunchScreen.storyboard */ = {
			isa = PBXVariantGroup;
			children = (
				04A3AE7F2A8D93DE000F8DCD /* Base */,
			);
			name = LaunchScreen.storyboard;
			sourceTree = "<group>";
		};
/* End PBXVariantGroup section */

/* Begin XCBuildConfiguration section */
		04A3AE982A8D93DF000F8DCD /* Debug */ = {
			isa = XCBuildConfiguration;
			buildSettings = {
				ALWAYS_SEARCH_USER_PATHS = NO;
				CLANG_ANALYZER_NONNULL = YES;
				CLANG_ANALYZER_NUMBER_OBJECT_CONVERSION = YES_AGGRESSIVE;
				CLANG_CXX_LANGUAGE_STANDARD = "gnu++20";
				CLANG_ENABLE_MODULES = YES;
				CLANG_ENABLE_OBJC_ARC = YES;
				CLANG_ENABLE_OBJC_WEAK = YES;
				CLANG_WARN_BLOCK_CAPTURE_AUTORELEASING = YES;
				CLANG_WARN_BOOL_CONVERSION = YES;
				CLANG_WARN_COMMA = YES;
				CLANG_WARN_CONSTANT_CONVERSION = YES;
				CLANG_WARN_DEPRECATED_OBJC_IMPLEMENTATIONS = YES;
				CLANG_WARN_DIRECT_OBJC_ISA_USAGE = YES_ERROR;
				CLANG_WARN_DOCUMENTATION_COMMENTS = YES;
				CLANG_WARN_EMPTY_BODY = YES;
				CLANG_WARN_ENUM_CONVERSION = YES;
				CLANG_WARN_INFINITE_RECURSION = YES;
				CLANG_WARN_INT_CONVERSION = YES;
				CLANG_WARN_NON_LITERAL_NULL_CONVERSION = YES;
				CLANG_WARN_OBJC_IMPLICIT_RETAIN_SELF = YES;
				CLANG_WARN_OBJC_LITERAL_CONVERSION = YES;
				CLANG_WARN_OBJC_ROOT_CLASS = YES_ERROR;
				CLANG_WARN_QUOTED_INCLUDE_IN_FRAMEWORK_HEADER = YES;
				CLANG_WARN_RANGE_LOOP_ANALYSIS = YES;
				CLANG_WARN_STRICT_PROTOTYPES = YES;
				CLANG_WARN_SUSPICIOUS_MOVE = YES;
				CLANG_WARN_UNGUARDED_AVAILABILITY = YES_AGGRESSIVE;
				CLANG_WARN_UNREACHABLE_CODE = YES;
				CLANG_WARN__DUPLICATE_METHOD_MATCH = YES;
				COPY_PHASE_STRIP = NO;
				DEBUG_INFORMATION_FORMAT = dwarf;
				ENABLE_STRICT_OBJC_MSGSEND = YES;
				ENABLE_TESTABILITY = YES;
				GCC_C_LANGUAGE_STANDARD = gnu11;
				GCC_DYNAMIC_NO_PIC = NO;
				GCC_NO_COMMON_BLOCKS = YES;
				GCC_OPTIMIZATION_LEVEL = 0;
				GCC_PREPROCESSOR_DEFINITIONS = (
					"DEBUG=1",
					"$(inherited)",
				);
				GCC_WARN_64_TO_32_BIT_CONVERSION = YES;
				GCC_WARN_ABOUT_RETURN_TYPE = YES_ERROR;
				GCC_WARN_UNDECLARED_SELECTOR = YES;
				GCC_WARN_UNINITIALIZED_AUTOS = YES_AGGRESSIVE;
				GCC_WARN_UNUSED_FUNCTION = YES;
				GCC_WARN_UNUSED_VARIABLE = YES;
				IPHONEOS_DEPLOYMENT_TARGET = 16.4;
				MTL_ENABLE_DEBUG_INFO = INCLUDE_SOURCE;
				MTL_FAST_MATH = YES;
				ONLY_ACTIVE_ARCH = YES;
				SDKROOT = iphoneos;
				SWIFT_ACTIVE_COMPILATION_CONDITIONS = DEBUG;
				SWIFT_OPTIMIZATION_LEVEL = "-Onone";
			};
			name = Debug;
		};
		04A3AE992A8D93DF000F8DCD /* Release */ = {
			isa = XCBuildConfiguration;
			buildSettings = {
				ALWAYS_SEARCH_USER_PATHS = NO;
				CLANG_ANALYZER_NONNULL = YES;
				CLANG_ANALYZER_NUMBER_OBJECT_CONVERSION = YES_AGGRESSIVE;
				CLANG_CXX_LANGUAGE_STANDARD = "gnu++20";
				CLANG_ENABLE_MODULES = YES;
				CLANG_ENABLE_OBJC_ARC = YES;
				CLANG_ENABLE_OBJC_WEAK = YES;
				CLANG_WARN_BLOCK_CAPTURE_AUTORELEASING = YES;
				CLANG_WARN_BOOL_CONVERSION = YES;
				CLANG_WARN_COMMA = YES;
				CLANG_WARN_CONSTANT_CONVERSION = YES;
				CLANG_WARN_DEPRECATED_OBJC_IMPLEMENTATIONS = YES;
				CLANG_WARN_DIRECT_OBJC_ISA_USAGE = YES_ERROR;
				CLANG_WARN_DOCUMENTATION_COMMENTS = YES;
				CLANG_WARN_EMPTY_BODY = YES;
				CLANG_WARN_ENUM_CONVERSION = YES;
				CLANG_WARN_INFINITE_RECURSION = YES;
				CLANG_WARN_INT_CONVERSION = YES;
				CLANG_WARN_NON_LITERAL_NULL_CONVERSION = YES;
				CLANG_WARN_OBJC_IMPLICIT_RETAIN_SELF = YES;
				CLANG_WARN_OBJC_LITERAL_CONVERSION = YES;
				CLANG_WARN_OBJC_ROOT_CLASS = YES_ERROR;
				CLANG_WARN_QUOTED_INCLUDE_IN_FRAMEWORK_HEADER = YES;
				CLANG_WARN_RANGE_LOOP_ANALYSIS = YES;
				CLANG_WARN_STRICT_PROTOTYPES = YES;
				CLANG_WARN_SUSPICIOUS_MOVE = YES;
				CLANG_WARN_UNGUARDED_AVAILABILITY = YES_AGGRESSIVE;
				CLANG_WARN_UNREACHABLE_CODE = YES;
				CLANG_WARN__DUPLICATE_METHOD_MATCH = YES;
				COPY_PHASE_STRIP = NO;
				DEBUG_INFORMATION_FORMAT = "dwarf-with-dsym";
				ENABLE_NS_ASSERTIONS = NO;
				ENABLE_STRICT_OBJC_MSGSEND = YES;
				GCC_C_LANGUAGE_STANDARD = gnu11;
				GCC_NO_COMMON_BLOCKS = YES;
				GCC_WARN_64_TO_32_BIT_CONVERSION = YES;
				GCC_WARN_ABOUT_RETURN_TYPE = YES_ERROR;
				GCC_WARN_UNDECLARED_SELECTOR = YES;
				GCC_WARN_UNINITIALIZED_AUTOS = YES_AGGRESSIVE;
				GCC_WARN_UNUSED_FUNCTION = YES;
				GCC_WARN_UNUSED_VARIABLE = YES;
				IPHONEOS_DEPLOYMENT_TARGET = 16.4;
				MTL_ENABLE_DEBUG_INFO = NO;
				MTL_FAST_MATH = YES;
				SDKROOT = iphoneos;
				SWIFT_COMPILATION_MODE = wholemodule;
				SWIFT_OPTIMIZATION_LEVEL = "-O";
				VALIDATE_PRODUCT = YES;
			};
			name = Release;
		};
		04A3AE9B2A8D93DF000F8DCD /* Debug */ = {
			isa = XCBuildConfiguration;
			buildSettings = {
				ASSETCATALOG_COMPILER_APPICON_NAME = AppIcon;
				ASSETCATALOG_COMPILER_GLOBAL_ACCENT_COLOR_NAME = AccentColor;
				CODE_SIGN_STYLE = Automatic;
				CURRENT_PROJECT_VERSION = 1;
				DEVELOPMENT_TEAM = Q7YBK8CJUP;
				GENERATE_INFOPLIST_FILE = YES;
				INFOPLIST_FILE = LoggingApp/Info.plist;
				INFOPLIST_KEY_UIApplicationSupportsIndirectInputEvents = YES;
				INFOPLIST_KEY_UILaunchStoryboardName = LaunchScreen;
				INFOPLIST_KEY_UIMainStoryboardFile = Main;
				INFOPLIST_KEY_UISupportedInterfaceOrientations_iPad = "UIInterfaceOrientationPortrait UIInterfaceOrientationPortraitUpsideDown UIInterfaceOrientationLandscapeLeft UIInterfaceOrientationLandscapeRight";
				INFOPLIST_KEY_UISupportedInterfaceOrientations_iPhone = "UIInterfaceOrientationPortrait UIInterfaceOrientationLandscapeLeft UIInterfaceOrientationLandscapeRight";
				LD_RUNPATH_SEARCH_PATHS = (
					"$(inherited)",
					"@executable_path/Frameworks",
				);
				MARKETING_VERSION = 1.0;
				PRODUCT_BUNDLE_IDENTIFIER = com.gototheboard.LoggingApp;
				PRODUCT_NAME = "$(TARGET_NAME)";
				SWIFT_EMIT_LOC_STRINGS = YES;
				SWIFT_VERSION = 5.0;
				TARGETED_DEVICE_FAMILY = "1,2";
			};
			name = Debug;
		};
		04A3AE9C2A8D93DF000F8DCD /* Release */ = {
			isa = XCBuildConfiguration;
			buildSettings = {
				ASSETCATALOG_COMPILER_APPICON_NAME = AppIcon;
				ASSETCATALOG_COMPILER_GLOBAL_ACCENT_COLOR_NAME = AccentColor;
				CODE_SIGN_STYLE = Automatic;
				CURRENT_PROJECT_VERSION = 1;
				DEVELOPMENT_TEAM = Q7YBK8CJUP;
				GENERATE_INFOPLIST_FILE = YES;
				INFOPLIST_FILE = LoggingApp/Info.plist;
				INFOPLIST_KEY_UIApplicationSupportsIndirectInputEvents = YES;
				INFOPLIST_KEY_UILaunchStoryboardName = LaunchScreen;
				INFOPLIST_KEY_UIMainStoryboardFile = Main;
				INFOPLIST_KEY_UISupportedInterfaceOrientations_iPad = "UIInterfaceOrientationPortrait UIInterfaceOrientationPortraitUpsideDown UIInterfaceOrientationLandscapeLeft UIInterfaceOrientationLandscapeRight";
				INFOPLIST_KEY_UISupportedInterfaceOrientations_iPhone = "UIInterfaceOrientationPortrait UIInterfaceOrientationLandscapeLeft UIInterfaceOrientationLandscapeRight";
				LD_RUNPATH_SEARCH_PATHS = (
					"$(inherited)",
					"@executable_path/Frameworks",
				);
				MARKETING_VERSION = 1.0;
				PRODUCT_BUNDLE_IDENTIFIER = com.gototheboard.LoggingApp;
				PRODUCT_NAME = "$(TARGET_NAME)";
				SWIFT_EMIT_LOC_STRINGS = YES;
				SWIFT_VERSION = 5.0;
				TARGETED_DEVICE_FAMILY = "1,2";
			};
			name = Release;
		};
		04A3AE9E2A8D93DF000F8DCD /* Debug */ = {
			isa = XCBuildConfiguration;
			buildSettings = {
				ALWAYS_EMBED_SWIFT_STANDARD_LIBRARIES = YES;
				BUNDLE_LOADER = "$(TEST_HOST)";
				CODE_SIGN_STYLE = Automatic;
				CURRENT_PROJECT_VERSION = 1;
				DEVELOPMENT_TEAM = Q7YBK8CJUP;
				GENERATE_INFOPLIST_FILE = YES;
				IPHONEOS_DEPLOYMENT_TARGET = 16.4;
				MARKETING_VERSION = 1.0;
				PRODUCT_BUNDLE_IDENTIFIER = com.gototheboard.LoggingAppTests;
				PRODUCT_NAME = "$(TARGET_NAME)";
				SWIFT_EMIT_LOC_STRINGS = NO;
				SWIFT_VERSION = 5.0;
				TARGETED_DEVICE_FAMILY = "1,2";
				TEST_HOST = "$(BUILT_PRODUCTS_DIR)/LoggingApp.app/$(BUNDLE_EXECUTABLE_FOLDER_PATH)/LoggingApp";
			};
			name = Debug;
		};
		04A3AE9F2A8D93DF000F8DCD /* Release */ = {
			isa = XCBuildConfiguration;
			buildSettings = {
				ALWAYS_EMBED_SWIFT_STANDARD_LIBRARIES = YES;
				BUNDLE_LOADER = "$(TEST_HOST)";
				CODE_SIGN_STYLE = Automatic;
				CURRENT_PROJECT_VERSION = 1;
				DEVELOPMENT_TEAM = Q7YBK8CJUP;
				GENERATE_INFOPLIST_FILE = YES;
				IPHONEOS_DEPLOYMENT_TARGET = 16.4;
				MARKETING_VERSION = 1.0;
				PRODUCT_BUNDLE_IDENTIFIER = com.gototheboard.LoggingAppTests;
				PRODUCT_NAME = "$(TARGET_NAME)";
				SWIFT_EMIT_LOC_STRINGS = NO;
				SWIFT_VERSION = 5.0;
				TARGETED_DEVICE_FAMILY = "1,2";
				TEST_HOST = "$(BUILT_PRODUCTS_DIR)/LoggingApp.app/$(BUNDLE_EXECUTABLE_FOLDER_PATH)/LoggingApp";
			};
			name = Release;
		};
		04A3AEA12A8D93DF000F8DCD /* Debug */ = {
			isa = XCBuildConfiguration;
			buildSettings = {
				ALWAYS_EMBED_SWIFT_STANDARD_LIBRARIES = YES;
				CODE_SIGN_STYLE = Automatic;
				CURRENT_PROJECT_VERSION = 1;
				DEVELOPMENT_TEAM = Q7YBK8CJUP;
				GENERATE_INFOPLIST_FILE = YES;
				MARKETING_VERSION = 1.0;
				PRODUCT_BUNDLE_IDENTIFIER = com.gototheboard.LoggingAppUITests;
				PRODUCT_NAME = "$(TARGET_NAME)";
				SWIFT_EMIT_LOC_STRINGS = NO;
				SWIFT_VERSION = 5.0;
				TARGETED_DEVICE_FAMILY = "1,2";
				TEST_TARGET_NAME = LoggingApp;
			};
			name = Debug;
		};
		04A3AEA22A8D93DF000F8DCD /* Release */ = {
			isa = XCBuildConfiguration;
			buildSettings = {
				ALWAYS_EMBED_SWIFT_STANDARD_LIBRARIES = YES;
				CODE_SIGN_STYLE = Automatic;
				CURRENT_PROJECT_VERSION = 1;
				DEVELOPMENT_TEAM = Q7YBK8CJUP;
				GENERATE_INFOPLIST_FILE = YES;
				MARKETING_VERSION = 1.0;
				PRODUCT_BUNDLE_IDENTIFIER = com.gototheboard.LoggingAppUITests;
				PRODUCT_NAME = "$(TARGET_NAME)";
				SWIFT_EMIT_LOC_STRINGS = NO;
				SWIFT_VERSION = 5.0;
				TARGETED_DEVICE_FAMILY = "1,2";
				TEST_TARGET_NAME = LoggingApp;
			};
			name = Release;
		};
/* End XCBuildConfiguration section */

/* Begin XCConfigurationList section */
		04A3AE6B2A8D93DE000F8DCD /* Build configuration list for PBXProject "LoggingApp" */ = {
			isa = XCConfigurationList;
			buildConfigurations = (
				04A3AE982A8D93DF000F8DCD /* Debug */,
				04A3AE992A8D93DF000F8DCD /* Release */,
			);
			defaultConfigurationIsVisible = 0;
			defaultConfigurationName = Release;
		};
		04A3AE9A2A8D93DF000F8DCD /* Build configuration list for PBXNativeTarget "LoggingApp" */ = {
			isa = XCConfigurationList;
			buildConfigurations = (
				04A3AE9B2A8D93DF000F8DCD /* Debug */,
				04A3AE9C2A8D93DF000F8DCD /* Release */,
			);
			defaultConfigurationIsVisible = 0;
			defaultConfigurationName = Release;
		};
		04A3AE9D2A8D93DF000F8DCD /* Build configuration list for PBXNativeTarget "LoggingAppTests" */ = {
			isa = XCConfigurationList;
			buildConfigurations = (
				04A3AE9E2A8D93DF000F8DCD /* Debug */,
				04A3AE9F2A8D93DF000F8DCD /* Release */,
			);
			defaultConfigurationIsVisible = 0;
			defaultConfigurationName = Release;
		};
		04A3AEA02A8D93DF000F8DCD /* Build configuration list for PBXNativeTarget "LoggingAppUITests" */ = {
			isa = XCConfigurationList;
			buildConfigurations = (
				04A3AEA12A8D93DF000F8DCD /* Debug */,
				04A3AEA22A8D93DF000F8DCD /* Release */,
			);
			defaultConfigurationIsVisible = 0;
			defaultConfigurationName = Release;
		};
/* End XCConfigurationList section */
	};
	rootObject = 04A3AE682A8D93DE000F8DCD /* Project object */;
}
