// !$*UTF8*$!
{
	archiveVersion = 1;
	classes = {
	};
	objectVersion = 56;
	objects = {

/* Begin PBXBuildFile section */
		04C16BBB2A7353CA00746962 /* AppDelegate.swift in Sources */ = {isa = PBXBuildFile; fileRef = 04C16BBA2A7353CA00746962 /* AppDelegate.swift */; };
		04C16BBD2A7353CA00746962 /* SceneDelegate.swift in Sources */ = {isa = PBXBuildFile; fileRef = 04C16BBC2A7353CA00746962 /* SceneDelegate.swift */; };
		04C16BBF2A7353CA00746962 /* ViewController.swift in Sources */ = {isa = PBXBuildFile; fileRef = 04C16BBE2A7353CA00746962 /* ViewController.swift */; };
		04C16BC22A7353CA00746962 /* Main.storyboard in Resources */ = {isa = PBXBuildFile; fileRef = 04C16BC02A7353CA00746962 /* Main.storyboard */; };
		04C16BC42A7353CB00746962 /* Assets.xcassets in Resources */ = {isa = PBXBuildFile; fileRef = 04C16BC32A7353CB00746962 /* Assets.xcassets */; };
		04C16BC72A7353CB00746962 /* LaunchScreen.storyboard in Resources */ = {isa = PBXBuildFile; fileRef = 04C16BC52A7353CB00746962 /* LaunchScreen.storyboard */; };
		04C16BD22A7353CB00746962 /* SimpleTransitiveAppTests.swift in Sources */ = {isa = PBXBuildFile; fileRef = 04C16BD12A7353CB00746962 /* SimpleTransitiveAppTests.swift */; };
		04C16BDC2A7353CB00746962 /* SimpleTransitiveAppUITests.swift in Sources */ = {isa = PBXBuildFile; fileRef = 04C16BDB2A7353CB00746962 /* SimpleTransitiveAppUITests.swift */; };
		04C16BDE2A7353CB00746962 /* SimpleTransitiveAppUITestsLaunchTests.swift in Sources */ = {isa = PBXBuildFile; fileRef = 04C16BDD2A7353CB00746962 /* SimpleTransitiveAppUITestsLaunchTests.swift */; };
		04C16BF52A735AB000746962 /* SwiftCalc in Frameworks */ = {isa = PBXBuildFile; productRef = 04C16BF42A735AB000746962 /* SwiftCalc */; };
/* End PBXBuildFile section */

/* Begin PBXContainerItemProxy section */
		04C16BCE2A7353CB00746962 /* PBXContainerItemProxy */ = {
			isa = PBXContainerItemProxy;
			containerPortal = 04C16BAF2A7353CA00746962 /* Project object */;
			proxyType = 1;
			remoteGlobalIDString = 04C16BB62A7353CA00746962;
			remoteInfo = SimpleTransitiveApp;
		};
		04C16BD82A7353CB00746962 /* PBXContainerItemProxy */ = {
			isa = PBXContainerItemProxy;
			containerPortal = 04C16BAF2A7353CA00746962 /* Project object */;
			proxyType = 1;
			remoteGlobalIDString = 04C16BB62A7353CA00746962;
			remoteInfo = SimpleTransitiveApp;
		};
/* End PBXContainerItemProxy section */

/* Begin PBXFileReference section */
		04C16BB72A7353CA00746962 /* SimpleTransitiveApp.app */ = {isa = PBXFileReference; explicitFileType = wrapper.application; includeInIndex = 0; path = SimpleTransitiveApp.app; sourceTree = BUILT_PRODUCTS_DIR; };
		04C16BBA2A7353CA00746962 /* AppDelegate.swift */ = {isa = PBXFileReference; lastKnownFileType = sourcecode.swift; path = AppDelegate.swift; sourceTree = "<group>"; };
		04C16BBC2A7353CA00746962 /* SceneDelegate.swift */ = {isa = PBXFileReference; lastKnownFileType = sourcecode.swift; path = SceneDelegate.swift; sourceTree = "<group>"; };
		04C16BBE2A7353CA00746962 /* ViewController.swift */ = {isa = PBXFileReference; lastKnownFileType = sourcecode.swift; path = ViewController.swift; sourceTree = "<group>"; };
		04C16BC12A7353CA00746962 /* Base */ = {isa = PBXFileReference; lastKnownFileType = file.storyboard; name = Base; path = Base.lproj/Main.storyboard; sourceTree = "<group>"; };
		04C16BC32A7353CB00746962 /* Assets.xcassets */ = {isa = PBXFileReference; lastKnownFileType = folder.assetcatalog; path = Assets.xcassets; sourceTree = "<group>"; };
		04C16BC62A7353CB00746962 /* Base */ = {isa = PBXFileReference; lastKnownFileType = file.storyboard; name = Base; path = Base.lproj/LaunchScreen.storyboard; sourceTree = "<group>"; };
		04C16BC82A7353CB00746962 /* Info.plist */ = {isa = PBXFileReference; lastKnownFileType = text.plist.xml; path = Info.plist; sourceTree = "<group>"; };
		04C16BCD2A7353CB00746962 /* SimpleTransitiveAppTests.xctest */ = {isa = PBXFileReference; explicitFileType = wrapper.cfbundle; includeInIndex = 0; path = SimpleTransitiveAppTests.xctest; sourceTree = BUILT_PRODUCTS_DIR; };
		04C16BD12A7353CB00746962 /* SimpleTransitiveAppTests.swift */ = {isa = PBXFileReference; lastKnownFileType = sourcecode.swift; path = SimpleTransitiveAppTests.swift; sourceTree = "<group>"; };
		04C16BD72A7353CB00746962 /* SimpleTransitiveAppUITests.xctest */ = {isa = PBXFileReference; explicitFileType = wrapper.cfbundle; includeInIndex = 0; path = SimpleTransitiveAppUITests.xctest; sourceTree = BUILT_PRODUCTS_DIR; };
		04C16BDB2A7353CB00746962 /* SimpleTransitiveAppUITests.swift */ = {isa = PBXFileReference; lastKnownFileType = sourcecode.swift; path = SimpleTransitiveAppUITests.swift; sourceTree = "<group>"; };
		04C16BDD2A7353CB00746962 /* SimpleTransitiveAppUITestsLaunchTests.swift */ = {isa = PBXFileReference; lastKnownFileType = sourcecode.swift; path = SimpleTransitiveAppUITestsLaunchTests.swift; sourceTree = "<group>"; };
		04C16BF02A73588A00746962 /* SwiftCalc */ = {isa = PBXFileReference; lastKnownFileType = wrapper; name = SwiftCalc; path = ../SwiftCalc; sourceTree = "<group>"; };
/* End PBXFileReference section */

/* Begin PBXFrameworksBuildPhase section */
		04C16BB42A7353CA00746962 /* Frameworks */ = {
			isa = PBXFrameworksBuildPhase;
			buildActionMask = 2147483647;
			files = (
				04C16BF52A735AB000746962 /* SwiftCalc in Frameworks */,
			);
			runOnlyForDeploymentPostprocessing = 0;
		};
		04C16BCA2A7353CB00746962 /* Frameworks */ = {
			isa = PBXFrameworksBuildPhase;
			buildActionMask = 2147483647;
			files = (
			);
			runOnlyForDeploymentPostprocessing = 0;
		};
		04C16BD42A7353CB00746962 /* Frameworks */ = {
			isa = PBXFrameworksBuildPhase;
			buildActionMask = 2147483647;
			files = (
			);
			runOnlyForDeploymentPostprocessing = 0;
		};
/* End PBXFrameworksBuildPhase section */

/* Begin PBXGroup section */
		04C16BAE2A7353CA00746962 = {
			isa = PBXGroup;
			children = (
				04C16BEA2A7353FE00746962 /* Packages */,
				04C16BB92A7353CA00746962 /* SimpleTransitiveApp */,
				04C16BD02A7353CB00746962 /* SimpleTransitiveAppTests */,
				04C16BDA2A7353CB00746962 /* SimpleTransitiveAppUITests */,
				04C16BB82A7353CA00746962 /* Products */,
				04C16BF32A735AB000746962 /* Frameworks */,
			);
			sourceTree = "<group>";
		};
		04C16BB82A7353CA00746962 /* Products */ = {
			isa = PBXGroup;
			children = (
				04C16BB72A7353CA00746962 /* SimpleTransitiveApp.app */,
				04C16BCD2A7353CB00746962 /* SimpleTransitiveAppTests.xctest */,
				04C16BD72A7353CB00746962 /* SimpleTransitiveAppUITests.xctest */,
			);
			name = Products;
			sourceTree = "<group>";
		};
		04C16BB92A7353CA00746962 /* SimpleTransitiveApp */ = {
			isa = PBXGroup;
			children = (
				04C16BBA2A7353CA00746962 /* AppDelegate.swift */,
				04C16BBC2A7353CA00746962 /* SceneDelegate.swift */,
				04C16BBE2A7353CA00746962 /* ViewController.swift */,
				04C16BC02A7353CA00746962 /* Main.storyboard */,
				04C16BC32A7353CB00746962 /* Assets.xcassets */,
				04C16BC52A7353CB00746962 /* LaunchScreen.storyboard */,
				04C16BC82A7353CB00746962 /* Info.plist */,
			);
			path = SimpleTransitiveApp;
			sourceTree = "<group>";
		};
		04C16BD02A7353CB00746962 /* SimpleTransitiveAppTests */ = {
			isa = PBXGroup;
			children = (
				04C16BD12A7353CB00746962 /* SimpleTransitiveAppTests.swift */,
			);
			path = SimpleTransitiveAppTests;
			sourceTree = "<group>";
		};
		04C16BDA2A7353CB00746962 /* SimpleTransitiveAppUITests */ = {
			isa = PBXGroup;
			children = (
				04C16BDB2A7353CB00746962 /* SimpleTransitiveAppUITests.swift */,
				04C16BDD2A7353CB00746962 /* SimpleTransitiveAppUITestsLaunchTests.swift */,
			);
			path = SimpleTransitiveAppUITests;
			sourceTree = "<group>";
		};
		04C16BEA2A7353FE00746962 /* Packages */ = {
			isa = PBXGroup;
			children = (
				04C16BF02A73588A00746962 /* SwiftCalc */,
			);
			name = Packages;
			sourceTree = "<group>";
		};
		04C16BF32A735AB000746962 /* Frameworks */ = {
			isa = PBXGroup;
			children = (
			);
			name = Frameworks;
			sourceTree = "<group>";
		};
/* End PBXGroup section */

/* Begin PBXNativeTarget section */
		04C16BB62A7353CA00746962 /* SimpleTransitiveApp */ = {
			isa = PBXNativeTarget;
			buildConfigurationList = 04C16BE12A7353CB00746962 /* Build configuration list for PBXNativeTarget "SimpleTransitiveApp" */;
			buildPhases = (
				04C16BB32A7353CA00746962 /* Sources */,
				04C16BB42A7353CA00746962 /* Frameworks */,
				04C16BB52A7353CA00746962 /* Resources */,
			);
			buildRules = (
			);
			dependencies = (
			);
			name = SimpleTransitiveApp;
			packageProductDependencies = (
				04C16BF42A735AB000746962 /* SwiftCalc */,
			);
			productName = SimpleTransitiveApp;
			productReference = 04C16BB72A7353CA00746962 /* SimpleTransitiveApp.app */;
			productType = "com.apple.product-type.application";
		};
		04C16BCC2A7353CB00746962 /* SimpleTransitiveAppTests */ = {
			isa = PBXNativeTarget;
			buildConfigurationList = 04C16BE42A7353CB00746962 /* Build configuration list for PBXNativeTarget "SimpleTransitiveAppTests" */;
			buildPhases = (
				04C16BC92A7353CB00746962 /* Sources */,
				04C16BCA2A7353CB00746962 /* Frameworks */,
				04C16BCB2A7353CB00746962 /* Resources */,
			);
			buildRules = (
			);
			dependencies = (
				04C16BCF2A7353CB00746962 /* PBXTargetDependency */,
			);
			name = SimpleTransitiveAppTests;
			productName = SimpleTransitiveAppTests;
			productReference = 04C16BCD2A7353CB00746962 /* SimpleTransitiveAppTests.xctest */;
			productType = "com.apple.product-type.bundle.unit-test";
		};
		04C16BD62A7353CB00746962 /* SimpleTransitiveAppUITests */ = {
			isa = PBXNativeTarget;
			buildConfigurationList = 04C16BE72A7353CB00746962 /* Build configuration list for PBXNativeTarget "SimpleTransitiveAppUITests" */;
			buildPhases = (
				04C16BD32A7353CB00746962 /* Sources */,
				04C16BD42A7353CB00746962 /* Frameworks */,
				04C16BD52A7353CB00746962 /* Resources */,
			);
			buildRules = (
			);
			dependencies = (
				04C16BD92A7353CB00746962 /* PBXTargetDependency */,
			);
			name = SimpleTransitiveAppUITests;
			productName = SimpleTransitiveAppUITests;
			productReference = 04C16BD72A7353CB00746962 /* SimpleTransitiveAppUITests.xctest */;
			productType = "com.apple.product-type.bundle.ui-testing";
		};
/* End PBXNativeTarget section */

/* Begin PBXProject section */
		04C16BAF2A7353CA00746962 /* Project object */ = {
			isa = PBXProject;
			attributes = {
				BuildIndependentTargetsInParallel = 1;
				LastSwiftUpdateCheck = 1430;
				LastUpgradeCheck = 1430;
				TargetAttributes = {
					04C16BB62A7353CA00746962 = {
						CreatedOnToolsVersion = 14.3.1;
					};
					04C16BCC2A7353CB00746962 = {
						CreatedOnToolsVersion = 14.3.1;
						TestTargetID = 04C16BB62A7353CA00746962;
					};
					04C16BD62A7353CB00746962 = {
						CreatedOnToolsVersion = 14.3.1;
						TestTargetID = 04C16BB62A7353CA00746962;
					};
				};
			};
			buildConfigurationList = 04C16BB22A7353CA00746962 /* Build configuration list for PBXProject "SimpleTransitiveApp" */;
			compatibilityVersion = "Xcode 14.0";
			developmentRegion = en;
			hasScannedForEncodings = 0;
			knownRegions = (
				en,
				Base,
			);
			mainGroup = 04C16BAE2A7353CA00746962;
			productRefGroup = 04C16BB82A7353CA00746962 /* Products */;
			projectDirPath = "";
			projectRoot = "";
			targets = (
				04C16BB62A7353CA00746962 /* SimpleTransitiveApp */,
				04C16BCC2A7353CB00746962 /* SimpleTransitiveAppTests */,
				04C16BD62A7353CB00746962 /* SimpleTransitiveAppUITests */,
			);
		};
/* End PBXProject section */

/* Begin PBXResourcesBuildPhase section */
		04C16BB52A7353CA00746962 /* Resources */ = {
			isa = PBXResourcesBuildPhase;
			buildActionMask = 2147483647;
			files = (
				04C16BC72A7353CB00746962 /* LaunchScreen.storyboard in Resources */,
				04C16BC42A7353CB00746962 /* Assets.xcassets in Resources */,
				04C16BC22A7353CA00746962 /* Main.storyboard in Resources */,
			);
			runOnlyForDeploymentPostprocessing = 0;
		};
		04C16BCB2A7353CB00746962 /* Resources */ = {
			isa = PBXResourcesBuildPhase;
			buildActionMask = 2147483647;
			files = (
			);
			runOnlyForDeploymentPostprocessing = 0;
		};
		04C16BD52A7353CB00746962 /* Resources */ = {
			isa = PBXResourcesBuildPhase;
			buildActionMask = 2147483647;
			files = (
			);
			runOnlyForDeploymentPostprocessing = 0;
		};
/* End PBXResourcesBuildPhase section */

/* Begin PBXSourcesBuildPhase section */
		04C16BB32A7353CA00746962 /* Sources */ = {
			isa = PBXSourcesBuildPhase;
			buildActionMask = 2147483647;
			files = (
				04C16BBF2A7353CA00746962 /* ViewController.swift in Sources */,
				04C16BBB2A7353CA00746962 /* AppDelegate.swift in Sources */,
				04C16BBD2A7353CA00746962 /* SceneDelegate.swift in Sources */,
			);
			runOnlyForDeploymentPostprocessing = 0;
		};
		04C16BC92A7353CB00746962 /* Sources */ = {
			isa = PBXSourcesBuildPhase;
			buildActionMask = 2147483647;
			files = (
				04C16BD22A7353CB00746962 /* SimpleTransitiveAppTests.swift in Sources */,
			);
			runOnlyForDeploymentPostprocessing = 0;
		};
		04C16BD32A7353CB00746962 /* Sources */ = {
			isa = PBXSourcesBuildPhase;
			buildActionMask = 2147483647;
			files = (
				04C16BDC2A7353CB00746962 /* SimpleTransitiveAppUITests.swift in Sources */,
				04C16BDE2A7353CB00746962 /* SimpleTransitiveAppUITestsLaunchTests.swift in Sources */,
			);
			runOnlyForDeploymentPostprocessing = 0;
		};
/* End PBXSourcesBuildPhase section */

/* Begin PBXTargetDependency section */
		04C16BCF2A7353CB00746962 /* PBXTargetDependency */ = {
			isa = PBXTargetDependency;
			target = 04C16BB62A7353CA00746962 /* SimpleTransitiveApp */;
			targetProxy = 04C16BCE2A7353CB00746962 /* PBXContainerItemProxy */;
		};
		04C16BD92A7353CB00746962 /* PBXTargetDependency */ = {
			isa = PBXTargetDependency;
			target = 04C16BB62A7353CA00746962 /* SimpleTransitiveApp */;
			targetProxy = 04C16BD82A7353CB00746962 /* PBXContainerItemProxy */;
		};
/* End PBXTargetDependency section */

/* Begin PBXVariantGroup section */
		04C16BC02A7353CA00746962 /* Main.storyboard */ = {
			isa = PBXVariantGroup;
			children = (
				04C16BC12A7353CA00746962 /* Base */,
			);
			name = Main.storyboard;
			sourceTree = "<group>";
		};
		04C16BC52A7353CB00746962 /* LaunchScreen.storyboard */ = {
			isa = PBXVariantGroup;
			children = (
				04C16BC62A7353CB00746962 /* Base */,
			);
			name = LaunchScreen.storyboard;
			sourceTree = "<group>";
		};
/* End PBXVariantGroup section */

/* Begin XCBuildConfiguration section */
		04C16BDF2A7353CB00746962 /* Debug */ = {
			isa = XCBuildConfiguration;
			buildSettings = {
				ALWAYS_SEARCH_USER_PATHS = NO;
				CLANG_ANALYZER_NONNULL = YES;
				CLANG_ANALYZER_NUMBER_OBJECT_CONVERSION = YES_AGGRESSIVE;
				CLANG_CXX_LANGUAGE_STANDARD = "gnu++20";
				CLANG_ENABLE_MODULES = YES;
				CLANG_ENABLE_OBJC_ARC = YES;
				CLANG_ENABLE_OBJC_WEAK = YES;
				CLANG_WARN_BLOCK_CAPTURE_AUTORELEASING = YES;
				CLANG_WARN_BOOL_CONVERSION = YES;
				CLANG_WARN_COMMA = YES;
				CLANG_WARN_CONSTANT_CONVERSION = YES;
				CLANG_WARN_DEPRECATED_OBJC_IMPLEMENTATIONS = YES;
				CLANG_WARN_DIRECT_OBJC_ISA_USAGE = YES_ERROR;
				CLANG_WARN_DOCUMENTATION_COMMENTS = YES;
				CLANG_WARN_EMPTY_BODY = YES;
				CLANG_WARN_ENUM_CONVERSION = YES;
				CLANG_WARN_INFINITE_RECURSION = YES;
				CLANG_WARN_INT_CONVERSION = YES;
				CLANG_WARN_NON_LITERAL_NULL_CONVERSION = YES;
				CLANG_WARN_OBJC_IMPLICIT_RETAIN_SELF = YES;
				CLANG_WARN_OBJC_LITERAL_CONVERSION = YES;
				CLANG_WARN_OBJC_ROOT_CLASS = YES_ERROR;
				CLANG_WARN_QUOTED_INCLUDE_IN_FRAMEWORK_HEADER = YES;
				CLANG_WARN_RANGE_LOOP_ANALYSIS = YES;
				CLANG_WARN_STRICT_PROTOTYPES = YES;
				CLANG_WARN_SUSPICIOUS_MOVE = YES;
				CLANG_WARN_UNGUARDED_AVAILABILITY = YES_AGGRESSIVE;
				CLANG_WARN_UNREACHABLE_CODE = YES;
				CLANG_WARN__DUPLICATE_METHOD_MATCH = YES;
				COPY_PHASE_STRIP = NO;
				DEBUG_INFORMATION_FORMAT = dwarf;
				ENABLE_STRICT_OBJC_MSGSEND = YES;
				ENABLE_TESTABILITY = YES;
				GCC_C_LANGUAGE_STANDARD = gnu11;
				GCC_DYNAMIC_NO_PIC = NO;
				GCC_NO_COMMON_BLOCKS = YES;
				GCC_OPTIMIZATION_LEVEL = 0;
				GCC_PREPROCESSOR_DEFINITIONS = (
					"DEBUG=1",
					"$(inherited)",
				);
				GCC_WARN_64_TO_32_BIT_CONVERSION = YES;
				GCC_WARN_ABOUT_RETURN_TYPE = YES_ERROR;
				GCC_WARN_UNDECLARED_SELECTOR = YES;
				GCC_WARN_UNINITIALIZED_AUTOS = YES_AGGRESSIVE;
				GCC_WARN_UNUSED_FUNCTION = YES;
				GCC_WARN_UNUSED_VARIABLE = YES;
				IPHONEOS_DEPLOYMENT_TARGET = 16.4;
				MTL_ENABLE_DEBUG_INFO = INCLUDE_SOURCE;
				MTL_FAST_MATH = YES;
				ONLY_ACTIVE_ARCH = YES;
				SDKROOT = iphoneos;
				SWIFT_ACTIVE_COMPILATION_CONDITIONS = DEBUG;
				SWIFT_OPTIMIZATION_LEVEL = "-Onone";
			};
			name = Debug;
		};
		04C16BE02A7353CB00746962 /* Release */ = {
			isa = XCBuildConfiguration;
			buildSettings = {
				ALWAYS_SEARCH_USER_PATHS = NO;
				CLANG_ANALYZER_NONNULL = YES;
				CLANG_ANALYZER_NUMBER_OBJECT_CONVERSION = YES_AGGRESSIVE;
				CLANG_CXX_LANGUAGE_STANDARD = "gnu++20";
				CLANG_ENABLE_MODULES = YES;
				CLANG_ENABLE_OBJC_ARC = YES;
				CLANG_ENABLE_OBJC_WEAK = YES;
				CLANG_WARN_BLOCK_CAPTURE_AUTORELEASING = YES;
				CLANG_WARN_BOOL_CONVERSION = YES;
				CLANG_WARN_COMMA = YES;
				CLANG_WARN_CONSTANT_CONVERSION = YES;
				CLANG_WARN_DEPRECATED_OBJC_IMPLEMENTATIONS = YES;
				CLANG_WARN_DIRECT_OBJC_ISA_USAGE = YES_ERROR;
				CLANG_WARN_DOCUMENTATION_COMMENTS = YES;
				CLANG_WARN_EMPTY_BODY = YES;
				CLANG_WARN_ENUM_CONVERSION = YES;
				CLANG_WARN_INFINITE_RECURSION = YES;
				CLANG_WARN_INT_CONVERSION = YES;
				CLANG_WARN_NON_LITERAL_NULL_CONVERSION = YES;
				CLANG_WARN_OBJC_IMPLICIT_RETAIN_SELF = YES;
				CLANG_WARN_OBJC_LITERAL_CONVERSION = YES;
				CLANG_WARN_OBJC_ROOT_CLASS = YES_ERROR;
				CLANG_WARN_QUOTED_INCLUDE_IN_FRAMEWORK_HEADER = YES;
				CLANG_WARN_RANGE_LOOP_ANALYSIS = YES;
				CLANG_WARN_STRICT_PROTOTYPES = YES;
				CLANG_WARN_SUSPICIOUS_MOVE = YES;
				CLANG_WARN_UNGUARDED_AVAILABILITY = YES_AGGRESSIVE;
				CLANG_WARN_UNREACHABLE_CODE = YES;
				CLANG_WARN__DUPLICATE_METHOD_MATCH = YES;
				COPY_PHASE_STRIP = NO;
				DEBUG_INFORMATION_FORMAT = "dwarf-with-dsym";
				ENABLE_NS_ASSERTIONS = NO;
				ENABLE_STRICT_OBJC_MSGSEND = YES;
				GCC_C_LANGUAGE_STANDARD = gnu11;
				GCC_NO_COMMON_BLOCKS = YES;
				GCC_WARN_64_TO_32_BIT_CONVERSION = YES;
				GCC_WARN_ABOUT_RETURN_TYPE = YES_ERROR;
				GCC_WARN_UNDECLARED_SELECTOR = YES;
				GCC_WARN_UNINITIALIZED_AUTOS = YES_AGGRESSIVE;
				GCC_WARN_UNUSED_FUNCTION = YES;
				GCC_WARN_UNUSED_VARIABLE = YES;
				IPHONEOS_DEPLOYMENT_TARGET = 16.4;
				MTL_ENABLE_DEBUG_INFO = NO;
				MTL_FAST_MATH = YES;
				SDKROOT = iphoneos;
				SWIFT_COMPILATION_MODE = wholemodule;
				SWIFT_OPTIMIZATION_LEVEL = "-O";
				VALIDATE_PRODUCT = YES;
			};
			name = Release;
		};
		04C16BE22A7353CB00746962 /* Debug */ = {
			isa = XCBuildConfiguration;
			buildSettings = {
				ASSETCATALOG_COMPILER_APPICON_NAME = AppIcon;
				ASSETCATALOG_COMPILER_GLOBAL_ACCENT_COLOR_NAME = AccentColor;
				CODE_SIGN_STYLE = Automatic;
				CURRENT_PROJECT_VERSION = 1;
				DEVELOPMENT_TEAM = Q7YBK8CJUP;
				GENERATE_INFOPLIST_FILE = YES;
				INFOPLIST_FILE = SimpleTransitiveApp/Info.plist;
				INFOPLIST_KEY_UIApplicationSupportsIndirectInputEvents = YES;
				INFOPLIST_KEY_UILaunchStoryboardName = LaunchScreen;
				INFOPLIST_KEY_UIMainStoryboardFile = Main;
				INFOPLIST_KEY_UISupportedInterfaceOrientations_iPad = "UIInterfaceOrientationPortrait UIInterfaceOrientationPortraitUpsideDown UIInterfaceOrientationLandscapeLeft UIInterfaceOrientationLandscapeRight";
				INFOPLIST_KEY_UISupportedInterfaceOrientations_iPhone = "UIInterfaceOrientationPortrait UIInterfaceOrientationLandscapeLeft UIInterfaceOrientationLandscapeRight";
				LD_RUNPATH_SEARCH_PATHS = (
					"$(inherited)",
					"@executable_path/Frameworks",
				);
				MARKETING_VERSION = 1.0;
				PRODUCT_BUNDLE_IDENTIFIER = com.gototheboard.SimpleTransitiveApp;
				PRODUCT_NAME = "$(TARGET_NAME)";
				SWIFT_EMIT_LOC_STRINGS = YES;
				SWIFT_VERSION = 5.0;
				TARGETED_DEVICE_FAMILY = "1,2";
			};
			name = Debug;
		};
		04C16BE32A7353CB00746962 /* Release */ = {
			isa = XCBuildConfiguration;
			buildSettings = {
				ASSETCATALOG_COMPILER_APPICON_NAME = AppIcon;
				ASSETCATALOG_COMPILER_GLOBAL_ACCENT_COLOR_NAME = AccentColor;
				CODE_SIGN_STYLE = Automatic;
				CURRENT_PROJECT_VERSION = 1;
				DEVELOPMENT_TEAM = Q7YBK8CJUP;
				GENERATE_INFOPLIST_FILE = YES;
				INFOPLIST_FILE = SimpleTransitiveApp/Info.plist;
				INFOPLIST_KEY_UIApplicationSupportsIndirectInputEvents = YES;
				INFOPLIST_KEY_UILaunchStoryboardName = LaunchScreen;
				INFOPLIST_KEY_UIMainStoryboardFile = Main;
				INFOPLIST_KEY_UISupportedInterfaceOrientations_iPad = "UIInterfaceOrientationPortrait UIInterfaceOrientationPortraitUpsideDown UIInterfaceOrientationLandscapeLeft UIInterfaceOrientationLandscapeRight";
				INFOPLIST_KEY_UISupportedInterfaceOrientations_iPhone = "UIInterfaceOrientationPortrait UIInterfaceOrientationLandscapeLeft UIInterfaceOrientationLandscapeRight";
				LD_RUNPATH_SEARCH_PATHS = (
					"$(inherited)",
					"@executable_path/Frameworks",
				);
				MARKETING_VERSION = 1.0;
				PRODUCT_BUNDLE_IDENTIFIER = com.gototheboard.SimpleTransitiveApp;
				PRODUCT_NAME = "$(TARGET_NAME)";
				SWIFT_EMIT_LOC_STRINGS = YES;
				SWIFT_VERSION = 5.0;
				TARGETED_DEVICE_FAMILY = "1,2";
			};
			name = Release;
		};
		04C16BE52A7353CB00746962 /* Debug */ = {
			isa = XCBuildConfiguration;
			buildSettings = {
				ALWAYS_EMBED_SWIFT_STANDARD_LIBRARIES = YES;
				BUNDLE_LOADER = "$(TEST_HOST)";
				CODE_SIGN_STYLE = Automatic;
				CURRENT_PROJECT_VERSION = 1;
				DEVELOPMENT_TEAM = Q7YBK8CJUP;
				GENERATE_INFOPLIST_FILE = YES;
				IPHONEOS_DEPLOYMENT_TARGET = 16.4;
				MARKETING_VERSION = 1.0;
				PRODUCT_BUNDLE_IDENTIFIER = com.gototheboard.SimpleTransitiveAppTests;
				PRODUCT_NAME = "$(TARGET_NAME)";
				SWIFT_EMIT_LOC_STRINGS = NO;
				SWIFT_VERSION = 5.0;
				TARGETED_DEVICE_FAMILY = "1,2";
				TEST_HOST = "$(BUILT_PRODUCTS_DIR)/SimpleTransitiveApp.app/$(BUNDLE_EXECUTABLE_FOLDER_PATH)/SimpleTransitiveApp";
			};
			name = Debug;
		};
		04C16BE62A7353CB00746962 /* Release */ = {
			isa = XCBuildConfiguration;
			buildSettings = {
				ALWAYS_EMBED_SWIFT_STANDARD_LIBRARIES = YES;
				BUNDLE_LOADER = "$(TEST_HOST)";
				CODE_SIGN_STYLE = Automatic;
				CURRENT_PROJECT_VERSION = 1;
				DEVELOPMENT_TEAM = Q7YBK8CJUP;
				GENERATE_INFOPLIST_FILE = YES;
				IPHONEOS_DEPLOYMENT_TARGET = 16.4;
				MARKETING_VERSION = 1.0;
				PRODUCT_BUNDLE_IDENTIFIER = com.gototheboard.SimpleTransitiveAppTests;
				PRODUCT_NAME = "$(TARGET_NAME)";
				SWIFT_EMIT_LOC_STRINGS = NO;
				SWIFT_VERSION = 5.0;
				TARGETED_DEVICE_FAMILY = "1,2";
				TEST_HOST = "$(BUILT_PRODUCTS_DIR)/SimpleTransitiveApp.app/$(BUNDLE_EXECUTABLE_FOLDER_PATH)/SimpleTransitiveApp";
			};
			name = Release;
		};
		04C16BE82A7353CB00746962 /* Debug */ = {
			isa = XCBuildConfiguration;
			buildSettings = {
				ALWAYS_EMBED_SWIFT_STANDARD_LIBRARIES = YES;
				CODE_SIGN_STYLE = Automatic;
				CURRENT_PROJECT_VERSION = 1;
				DEVELOPMENT_TEAM = Q7YBK8CJUP;
				GENERATE_INFOPLIST_FILE = YES;
				MARKETING_VERSION = 1.0;
				PRODUCT_BUNDLE_IDENTIFIER = com.gototheboard.SimpleTransitiveAppUITests;
				PRODUCT_NAME = "$(TARGET_NAME)";
				SWIFT_EMIT_LOC_STRINGS = NO;
				SWIFT_VERSION = 5.0;
				TARGETED_DEVICE_FAMILY = "1,2";
				TEST_TARGET_NAME = SimpleTransitiveApp;
			};
			name = Debug;
		};
		04C16BE92A7353CB00746962 /* Release */ = {
			isa = XCBuildConfiguration;
			buildSettings = {
				ALWAYS_EMBED_SWIFT_STANDARD_LIBRARIES = YES;
				CODE_SIGN_STYLE = Automatic;
				CURRENT_PROJECT_VERSION = 1;
				DEVELOPMENT_TEAM = Q7YBK8CJUP;
				GENERATE_INFOPLIST_FILE = YES;
				MARKETING_VERSION = 1.0;
				PRODUCT_BUNDLE_IDENTIFIER = com.gototheboard.SimpleTransitiveAppUITests;
				PRODUCT_NAME = "$(TARGET_NAME)";
				SWIFT_EMIT_LOC_STRINGS = NO;
				SWIFT_VERSION = 5.0;
				TARGETED_DEVICE_FAMILY = "1,2";
				TEST_TARGET_NAME = SimpleTransitiveApp;
			};
			name = Release;
		};
/* End XCBuildConfiguration section */

/* Begin XCConfigurationList section */
		04C16BB22A7353CA00746962 /* Build configuration list for PBXProject "SimpleTransitiveApp" */ = {
			isa = XCConfigurationList;
			buildConfigurations = (
				04C16BDF2A7353CB00746962 /* Debug */,
				04C16BE02A7353CB00746962 /* Release */,
			);
			defaultConfigurationIsVisible = 0;
			defaultConfigurationName = Release;
		};
		04C16BE12A7353CB00746962 /* Build configuration list for PBXNativeTarget "SimpleTransitiveApp" */ = {
			isa = XCConfigurationList;
			buildConfigurations = (
				04C16BE22A7353CB00746962 /* Debug */,
				04C16BE32A7353CB00746962 /* Release */,
			);
			defaultConfigurationIsVisible = 0;
			defaultConfigurationName = Release;
		};
		04C16BE42A7353CB00746962 /* Build configuration list for PBXNativeTarget "SimpleTransitiveAppTests" */ = {
			isa = XCConfigurationList;
			buildConfigurations = (
				04C16BE52A7353CB00746962 /* Debug */,
				04C16BE62A7353CB00746962 /* Release */,
			);
			defaultConfigurationIsVisible = 0;
			defaultConfigurationName = Release;
		};
		04C16BE72A7353CB00746962 /* Build configuration list for PBXNativeTarget "SimpleTransitiveAppUITests" */ = {
			isa = XCConfigurationList;
			buildConfigurations = (
				04C16BE82A7353CB00746962 /* Debug */,
				04C16BE92A7353CB00746962 /* Release */,
			);
			defaultConfigurationIsVisible = 0;
			defaultConfigurationName = Release;
		};
/* End XCConfigurationList section */

/* Begin XCSwiftPackageProductDependency section */
		04C16BF42A735AB000746962 /* SwiftCalc */ = {
			isa = XCSwiftPackageProductDependency;
			productName = SwiftCalc;
		};
/* End XCSwiftPackageProductDependency section */
	};
	rootObject = 04C16BAF2A7353CA00746962 /* Project object */;
}
